// !$*UTF8*$!
{
	archiveVersion = 1;
	classes = {
	};
	objectVersion = 46;
	objects = {

/* Begin PBXBuildFile section */
		88267F9C1E645358003A0EA4 /* main.cpp in Sources */ = {isa = PBXBuildFile; fileRef = 88267F9B1E645358003A0EA4 /* main.cpp */; };
		88267F9F1E6453F0003A0EA4 /* NautyGraph.cpp in Sources */ = {isa = PBXBuildFile; fileRef = 88267F9D1E6453F0003A0EA4 /* NautyGraph.cpp */; };
		88267FA21E645AAB003A0EA4 /* nauty.a in Frameworks */ = {isa = PBXBuildFile; fileRef = 88267FA11E645AAB003A0EA4 /* nauty.a */; };
/* End PBXBuildFile section */

/* Begin PBXCopyFilesBuildPhase section */
		88267F8E1E6451B3003A0EA4 /* CopyFiles */ = {
			isa = PBXCopyFilesBuildPhase;
			buildActionMask = 2147483647;
			dstPath = /usr/share/man/man1/;
			dstSubfolderSpec = 0;
			files = (
			);
			runOnlyForDeploymentPostprocessing = 1;
		};
/* End PBXCopyFilesBuildPhase section */

/* Begin PBXFileReference section */
		88267F901E6451B3003A0EA4 /* nauty_class */ = {isa = PBXFileReference; explicitFileType = "compiled.mach-o.executable"; includeInIndex = 0; path = nauty_class; sourceTree = BUILT_PRODUCTS_DIR; };
		88267F9B1E645358003A0EA4 /* main.cpp */ = {isa = PBXFileReference; fileEncoding = 4; lastKnownFileType = sourcecode.cpp.cpp; path = main.cpp; sourceTree = "<group>"; };
		88267F9D1E6453F0003A0EA4 /* NautyGraph.cpp */ = {isa = PBXFileReference; fileEncoding = 4; lastKnownFileType = sourcecode.cpp.cpp; path = NautyGraph.cpp; sourceTree = "<group>"; };
		88267F9E1E6453F0003A0EA4 /* NautyGraph.hpp */ = {isa = PBXFileReference; fileEncoding = 4; lastKnownFileType = sourcecode.cpp.h; path = NautyGraph.hpp; sourceTree = "<group>"; };
		88267FA11E645AAB003A0EA4 /* nauty.a */ = {isa = PBXFileReference; lastKnownFileType = archive.ar; name = nauty.a; path = ../../../../../../usr/local/nauty26r7/lib/nauty.a; sourceTree = "<group>"; };
/* End PBXFileReference section */

/* Begin PBXFrameworksBuildPhase section */
		88267F8D1E6451B3003A0EA4 /* Frameworks */ = {
			isa = PBXFrameworksBuildPhase;
			buildActionMask = 2147483647;
			files = (
				88267FA21E645AAB003A0EA4 /* nauty.a in Frameworks */,
			);
			runOnlyForDeploymentPostprocessing = 0;
		};
/* End PBXFrameworksBuildPhase section */

/* Begin PBXGroup section */
		88267F871E6451B3003A0EA4 = {
			isa = PBXGroup;
			children = (
				88267F921E6451B3003A0EA4 /* nauty_class */,
				88267F911E6451B3003A0EA4 /* Products */,
				88267FA01E645AAB003A0EA4 /* Frameworks */,
			);
			sourceTree = "<group>";
		};
		88267F911E6451B3003A0EA4 /* Products */ = {
			isa = PBXGroup;
			children = (
				88267F901E6451B3003A0EA4 /* nauty_class */,
			);
			name = Products;
			sourceTree = "<group>";
		};
		88267F921E6451B3003A0EA4 /* nauty_class */ = {
			isa = PBXGroup;
			children = (
				88267F9A1E645358003A0EA4 /* nauty_class */,
			);
			path = nauty_class;
			sourceTree = "<group>";
		};
		88267F9A1E645358003A0EA4 /* nauty_class */ = {
			isa = PBXGroup;
			children = (
				88267F9B1E645358003A0EA4 /* main.cpp */,
				88267F9D1E6453F0003A0EA4 /* NautyGraph.cpp */,
				88267F9E1E6453F0003A0EA4 /* NautyGraph.hpp */,
			);
			name = nauty_class;
			sourceTree = "<group>";
		};
		88267FA01E645AAB003A0EA4 /* Frameworks */ = {
			isa = PBXGroup;
			children = (
				88267FA11E645AAB003A0EA4 /* nauty.a */,
			);
			name = Frameworks;
			sourceTree = "<group>";
		};
/* End PBXGroup section */

/* Begin PBXNativeTarget section */
		88267F8F1E6451B3003A0EA4 /* nauty_class */ = {
			isa = PBXNativeTarget;
			buildConfigurationList = 88267F971E6451B3003A0EA4 /* Build configuration list for PBXNativeTarget "nauty_class" */;
			buildPhases = (
				88267F8C1E6451B3003A0EA4 /* Sources */,
				88267F8D1E6451B3003A0EA4 /* Frameworks */,
				88267F8E1E6451B3003A0EA4 /* CopyFiles */,
			);
			buildRules = (
			);
			dependencies = (
			);
			name = nauty_class;
			productName = nauty_class;
			productReference = 88267F901E6451B3003A0EA4 /* nauty_class */;
			productType = "com.apple.product-type.tool";
		};
/* End PBXNativeTarget section */

/* Begin PBXProject section */
		88267F881E6451B3003A0EA4 /* Project object */ = {
			isa = PBXProject;
			attributes = {
				LastUpgradeCheck = 0820;
				ORGANIZATIONNAME = "熊田聖也";
				TargetAttributes = {
					88267F8F1E6451B3003A0EA4 = {
						CreatedOnToolsVersion = 8.2.1;
						ProvisioningStyle = Automatic;
					};
				};
			};
			buildConfigurationList = 88267F8B1E6451B3003A0EA4 /* Build configuration list for PBXProject "nauty_class" */;
			compatibilityVersion = "Xcode 3.2";
			developmentRegion = English;
			hasScannedForEncodings = 0;
			knownRegions = (
				en,
			);
			mainGroup = 88267F871E6451B3003A0EA4;
			productRefGroup = 88267F911E6451B3003A0EA4 /* Products */;
			projectDirPath = "";
			projectRoot = "";
			targets = (
				88267F8F1E6451B3003A0EA4 /* nauty_class */,
			);
		};
/* End PBXProject section */

/* Begin PBXSourcesBuildPhase section */
		88267F8C1E6451B3003A0EA4 /* Sources */ = {
			isa = PBXSourcesBuildPhase;
			buildActionMask = 2147483647;
			files = (
				88267F9C1E645358003A0EA4 /* main.cpp in Sources */,
				88267F9F1E6453F0003A0EA4 /* NautyGraph.cpp in Sources */,
			);
			runOnlyForDeploymentPostprocessing = 0;
		};
/* End PBXSourcesBuildPhase section */

/* Begin XCBuildConfiguration section */
		88267F951E6451B3003A0EA4 /* Debug */ = {
			isa = XCBuildConfiguration;
			buildSettings = {
				ALWAYS_SEARCH_USER_PATHS = NO;
				CLANG_ANALYZER_NONNULL = YES;
				CLANG_CXX_LANGUAGE_STANDARD = "gnu++0x";
				CLANG_CXX_LIBRARY = "libc++";
				CLANG_ENABLE_MODULES = YES;
				CLANG_ENABLE_OBJC_ARC = YES;
				CLANG_WARN_BOOL_CONVERSION = YES;
				CLANG_WARN_CONSTANT_CONVERSION = YES;
				CLANG_WARN_DIRECT_OBJC_ISA_USAGE = YES_ERROR;
				CLANG_WARN_DOCUMENTATION_COMMENTS = YES;
				CLANG_WARN_EMPTY_BODY = YES;
				CLANG_WARN_ENUM_CONVERSION = YES;
				CLANG_WARN_INFINITE_RECURSION = YES;
				CLANG_WARN_INT_CONVERSION = YES;
				CLANG_WARN_OBJC_ROOT_CLASS = YES_ERROR;
				CLANG_WARN_SUSPICIOUS_MOVE = YES;
				CLANG_WARN_UNREACHABLE_CODE = YES;
				CLANG_WARN__DUPLICATE_METHOD_MATCH = YES;
				CODE_SIGN_IDENTITY = "-";
				COPY_PHASE_STRIP = NO;
				DEBUG_INFORMATION_FORMAT = dwarf;
				ENABLE_STRICT_OBJC_MSGSEND = YES;
				ENABLE_TESTABILITY = YES;
				GCC_C_LANGUAGE_STANDARD = gnu99;
				GCC_DYNAMIC_NO_PIC = NO;
				GCC_NO_COMMON_BLOCKS = YES;
				GCC_OPTIMIZATION_LEVEL = 0;
				GCC_PREPROCESSOR_DEFINITIONS = (
					"DEBUG=1",
					"$(inherited)",
				);
				GCC_WARN_64_TO_32_BIT_CONVERSION = YES;
				GCC_WARN_ABOUT_RETURN_TYPE = YES_ERROR;
				GCC_WARN_UNDECLARED_SELECTOR = YES;
				GCC_WARN_UNINITIALIZED_AUTOS = YES_AGGRESSIVE;
				GCC_WARN_UNUSED_FUNCTION = YES;
				GCC_WARN_UNUSED_VARIABLE = YES;
				MACOSX_DEPLOYMENT_TARGET = 10.12;
				MTL_ENABLE_DEBUG_INFO = YES;
				ONLY_ACTIVE_ARCH = YES;
				SDKROOT = macosx;
			};
			name = Debug;
		};
		88267F961E6451B3003A0EA4 /* Release */ = {
			isa = XCBuildConfiguration;
			buildSettings = {
				ALWAYS_SEARCH_USER_PATHS = NO;
				CLANG_ANALYZER_NONNULL = YES;
				CLANG_CXX_LANGUAGE_STANDARD = "gnu++0x";
				CLANG_CXX_LIBRARY = "libc++";
				CLANG_ENABLE_MODULES = YES;
				CLANG_ENABLE_OBJC_ARC = YES;
				CLANG_WARN_BOOL_CONVERSION = YES;
				CLANG_WARN_CONSTANT_CONVERSION = YES;
				CLANG_WARN_DIRECT_OBJC_ISA_USAGE = YES_ERROR;
				CLANG_WARN_DOCUMENTATION_COMMENTS = YES;
				CLANG_WARN_EMPTY_BODY = YES;
				CLANG_WARN_ENUM_CONVERSION = YES;
				CLANG_WARN_INFINITE_RECURSION = YES;
				CLANG_WARN_INT_CONVERSION = YES;
				CLANG_WARN_OBJC_ROOT_CLASS = YES_ERROR;
				CLANG_WARN_SUSPICIOUS_MOVE = YES;
				CLANG_WARN_UNREACHABLE_CODE = YES;
				CLANG_WARN__DUPLICATE_METHOD_MATCH = YES;
				CODE_SIGN_IDENTITY = "-";
				COPY_PHASE_STRIP = NO;
				DEBUG_INFORMATION_FORMAT = "dwarf-with-dsym";
				ENABLE_NS_ASSERTIONS = NO;
				ENABLE_STRICT_OBJC_MSGSEND = YES;
				GCC_C_LANGUAGE_STANDARD = gnu99;
				GCC_NO_COMMON_BLOCKS = YES;
				GCC_WARN_64_TO_32_BIT_CONVERSION = YES;
				GCC_WARN_ABOUT_RETURN_TYPE = YES_ERROR;
				GCC_WARN_UNDECLARED_SELECTOR = YES;
				GCC_WARN_UNINITIALIZED_AUTOS = YES_AGGRESSIVE;
				GCC_WARN_UNUSED_FUNCTION = YES;
				GCC_WARN_UNUSED_VARIABLE = YES;
				MACOSX_DEPLOYMENT_TARGET = 10.12;
				MTL_ENABLE_DEBUG_INFO = NO;
				SDKROOT = macosx;
			};
			name = Release;
		};
		88267F981E6451B3003A0EA4 /* Debug */ = {
			isa = XCBuildConfiguration;
			buildSettings = {
				CLANG_CXX_LANGUAGE_STANDARD = "c++14";
				GCC_PREPROCESSOR_DEFINITIONS = (
					"DEBUG=1",
					"$(inherited)",
					"UNIT_TEST=1",
					"BOOST_PYTHON=0",
				);
				HEADER_SEARCH_PATHS = (
					/opt/local/include,
					/usr/local/include,
					/usr/local/nauty26r7/include,
				);
				LIBRARY_SEARCH_PATHS = (
					/usr/local/nauty26r7/lib,
					/opt/local/lib,
				);
				MACOSX_DEPLOYMENT_TARGET = 10.9;
				OTHER_LDFLAGS = "-lboost_unit_test_framework-mt";
				PRODUCT_NAME = "$(TARGET_NAME)";
			};
			name = Debug;
		};
		88267F991E6451B3003A0EA4 /* Release */ = {
			isa = XCBuildConfiguration;
			buildSettings = {
				CLANG_CXX_LANGUAGE_STANDARD = "c++14";
				GCC_PREPROCESSOR_DEFINITIONS = (
					"UNIT_TEST=0",
					"BOOST_PYTHON=1",
				);
				HEADER_SEARCH_PATHS = (
					/opt/local/include,
					/usr/local/include,
					/usr/local/nauty26r7/include,
				);
				LIBRARY_SEARCH_PATHS = (
					/usr/local/nauty26r7/lib,
					/opt/local/lib,
				);
				MACOSX_DEPLOYMENT_TARGET = 10.9;
				OTHER_LDFLAGS = "-lboost_unit_test_framework-mt";
				PRODUCT_NAME = "$(TARGET_NAME)";
			};
			name = Release;
		};
/* End XCBuildConfiguration section */

/* Begin XCConfigurationList section */
		88267F8B1E6451B3003A0EA4 /* Build configuration list for PBXProject "nauty_class" */ = {
			isa = XCConfigurationList;
			buildConfigurations = (
				88267F951E6451B3003A0EA4 /* Debug */,
				88267F961E6451B3003A0EA4 /* Release */,
			);
			defaultConfigurationIsVisible = 0;
			defaultConfigurationName = Release;
		};
		88267F971E6451B3003A0EA4 /* Build configuration list for PBXNativeTarget "nauty_class" */ = {
			isa = XCConfigurationList;
			buildConfigurations = (
				88267F981E6451B3003A0EA4 /* Debug */,
				88267F991E6451B3003A0EA4 /* Release */,
			);
			defaultConfigurationIsVisible = 0;
			defaultConfigurationName = Release;
		};
/* End XCConfigurationList section */
	};
	rootObject = 88267F881E6451B3003A0EA4 /* Project object */;
}
