// !$*UTF8*$!
{
	archiveVersion = 1;
	classes = {
	};
	objectVersion = 46;
	objects = {

/* Begin PBXBuildFile section */
		A2243E121E0B9C99002BE100 /* main.cpp in Sources */ = {isa = PBXBuildFile; fileRef = A2243E111E0B9C99002BE100 /* main.cpp */; };
		A2D01F181E23878600FB02F5 /* processes.cpp in Sources */ = {isa = PBXBuildFile; fileRef = A2D01F171E23878600FB02F5 /* processes.cpp */; };
/* End PBXBuildFile section */

/* Begin PBXCopyFilesBuildPhase section */
		A2243E0C1E0B9C99002BE100 /* CopyFiles */ = {
			isa = PBXCopyFilesBuildPhase;
			buildActionMask = 2147483647;
			dstPath = /usr/share/man/man1/;
			dstSubfolderSpec = 0;
			files = (
			);
			runOnlyForDeploymentPostprocessing = 1;
		};
/* End PBXCopyFilesBuildPhase section */

/* Begin PBXFileReference section */
		A2243E0E1E0B9C99002BE100 /* opencascade_sample */ = {isa = PBXFileReference; explicitFileType = "compiled.mach-o.executable"; includeInIndex = 0; path = opencascade_sample; sourceTree = BUILT_PRODUCTS_DIR; };
		A2243E111E0B9C99002BE100 /* main.cpp */ = {isa = PBXFileReference; lastKnownFileType = sourcecode.cpp.cpp; path = main.cpp; sourceTree = "<group>"; };
		A2D01F161E23876B00FB02F5 /* processes.h */ = {isa = PBXFileReference; lastKnownFileType = sourcecode.c.h; path = processes.h; sourceTree = "<group>"; };
		A2D01F171E23878600FB02F5 /* processes.cpp */ = {isa = PBXFileReference; fileEncoding = 4; lastKnownFileType = sourcecode.cpp.cpp; path = processes.cpp; sourceTree = "<group>"; };
/* End PBXFileReference section */

/* Begin PBXFrameworksBuildPhase section */
		A2243E0B1E0B9C99002BE100 /* Frameworks */ = {
			isa = PBXFrameworksBuildPhase;
			buildActionMask = 2147483647;
			files = (
			);
			runOnlyForDeploymentPostprocessing = 0;
		};
/* End PBXFrameworksBuildPhase section */

/* Begin PBXGroup section */
		A2243E051E0B9C99002BE100 = {
			isa = PBXGroup;
			children = (
				A2243E101E0B9C99002BE100 /* opencascade_sample */,
				A2243E0F1E0B9C99002BE100 /* Products */,
			);
			sourceTree = "<group>";
		};
		A2243E0F1E0B9C99002BE100 /* Products */ = {
			isa = PBXGroup;
			children = (
				A2243E0E1E0B9C99002BE100 /* opencascade_sample */,
			);
			name = Products;
			sourceTree = "<group>";
		};
		A2243E101E0B9C99002BE100 /* opencascade_sample */ = {
			isa = PBXGroup;
			children = (
				A2243E111E0B9C99002BE100 /* main.cpp */,
				A2D01F161E23876B00FB02F5 /* processes.h */,
				A2D01F171E23878600FB02F5 /* processes.cpp */,
			);
			path = opencascade_sample;
			sourceTree = "<group>";
		};
/* End PBXGroup section */

/* Begin PBXNativeTarget section */
		A2243E0D1E0B9C99002BE100 /* opencascade_sample */ = {
			isa = PBXNativeTarget;
			buildConfigurationList = A2243E151E0B9C99002BE100 /* Build configuration list for PBXNativeTarget "opencascade_sample" */;
			buildPhases = (
				A2243E0A1E0B9C99002BE100 /* Sources */,
				A2243E0B1E0B9C99002BE100 /* Frameworks */,
				A2243E0C1E0B9C99002BE100 /* CopyFiles */,
			);
			buildRules = (
			);
			dependencies = (
			);
			name = opencascade_sample;
			productName = opencascade_sample;
			productReference = A2243E0E1E0B9C99002BE100 /* opencascade_sample */;
			productType = "com.apple.product-type.tool";
		};
/* End PBXNativeTarget section */

/* Begin PBXProject section */
		A2243E061E0B9C99002BE100 /* Project object */ = {
			isa = PBXProject;
			attributes = {
				LastUpgradeCheck = 0620;
				ORGANIZATIONNAME = kumada;
				TargetAttributes = {
					A2243E0D1E0B9C99002BE100 = {
						CreatedOnToolsVersion = 6.2;
					};
				};
			};
			buildConfigurationList = A2243E091E0B9C99002BE100 /* Build configuration list for PBXProject "opencascade_sample" */;
			compatibilityVersion = "Xcode 3.2";
			developmentRegion = English;
			hasScannedForEncodings = 0;
			knownRegions = (
				en,
			);
			mainGroup = A2243E051E0B9C99002BE100;
			productRefGroup = A2243E0F1E0B9C99002BE100 /* Products */;
			projectDirPath = "";
			projectRoot = "";
			targets = (
				A2243E0D1E0B9C99002BE100 /* opencascade_sample */,
			);
		};
/* End PBXProject section */

/* Begin PBXSourcesBuildPhase section */
		A2243E0A1E0B9C99002BE100 /* Sources */ = {
			isa = PBXSourcesBuildPhase;
			buildActionMask = 2147483647;
			files = (
				A2243E121E0B9C99002BE100 /* main.cpp in Sources */,
				A2D01F181E23878600FB02F5 /* processes.cpp in Sources */,
			);
			runOnlyForDeploymentPostprocessing = 0;
		};
/* End PBXSourcesBuildPhase section */

/* Begin XCBuildConfiguration section */
		A2243E131E0B9C99002BE100 /* Debug */ = {
			isa = XCBuildConfiguration;
			buildSettings = {
				ALWAYS_SEARCH_USER_PATHS = NO;
				CLANG_CXX_LANGUAGE_STANDARD = "c++14";
				CLANG_CXX_LIBRARY = "libc++";
				CLANG_ENABLE_MODULES = YES;
				CLANG_ENABLE_OBJC_ARC = YES;
				CLANG_WARN_BOOL_CONVERSION = YES;
				CLANG_WARN_CONSTANT_CONVERSION = YES;
				CLANG_WARN_DIRECT_OBJC_ISA_USAGE = YES_ERROR;
				CLANG_WARN_EMPTY_BODY = YES;
				CLANG_WARN_ENUM_CONVERSION = YES;
				CLANG_WARN_INT_CONVERSION = YES;
				CLANG_WARN_OBJC_ROOT_CLASS = YES_ERROR;
				CLANG_WARN_UNREACHABLE_CODE = YES;
				CLANG_WARN__DUPLICATE_METHOD_MATCH = YES;
				COPY_PHASE_STRIP = NO;
				ENABLE_STRICT_OBJC_MSGSEND = YES;
				GCC_C_LANGUAGE_STANDARD = gnu99;
				GCC_DYNAMIC_NO_PIC = NO;
				GCC_OPTIMIZATION_LEVEL = 0;
				GCC_PREPROCESSOR_DEFINITIONS = (
					"DEBUG=1",
					"$(inherited)",
				);
				GCC_SYMBOLS_PRIVATE_EXTERN = NO;
				GCC_WARN_64_TO_32_BIT_CONVERSION = YES;
				GCC_WARN_ABOUT_RETURN_TYPE = YES_ERROR;
				GCC_WARN_UNDECLARED_SELECTOR = YES;
				GCC_WARN_UNINITIALIZED_AUTOS = YES_AGGRESSIVE;
				GCC_WARN_UNUSED_FUNCTION = YES;
				GCC_WARN_UNUSED_VARIABLE = YES;
				HEADER_SEARCH_PATHS = (
					"$(inherited)",
					/Applications/Xcode.app/Contents/Developer/Toolchains/XcodeDefault.xctoolchain/usr/include,
					/opt/local/include,
					/usr/local/include,
					/usr/local/include/opencascade,
				);
				LIBRARY_SEARCH_PATHS = (
					/usr/local/lib,
					/opt/local/lib,
				);
				MACOSX_DEPLOYMENT_TARGET = 10.9;
				MTL_ENABLE_DEBUG_INFO = YES;
				ONLY_ACTIVE_ARCH = YES;
				OTHER_LDFLAGS = (
					"-lTKernel",
					"-lTKMath",
					"-lTKG2d",
					"-lTKG3d",
					"-lTKGeomBase",
					"-lTKBRep",
					"-lTKGeomAlgo",
					"-lTKTopAlgo",
					"-lTKPrim",
					"-lTKBO",
					"-lTKShHealing",
					"-lTKBool",
					"-lTKHLR",
					"-lTKFillet",
					"-lTKOffset",
					"-lTKFeat",
					"-lTKMesh",
					"-lTKXMesh",
					"-lTKService",
					"-lTKV3d",
					"-lTKOpenGl",
					"-lTKMeshVS",
					"-lTKCDF",
					"-lTKLCAF",
					"-lTKCAF",
					"-lTKBinL",
					"-lTKXmlL",
					"-lTKBin",
					"-lTKXml",
					"-lTKStdL",
					"-lTKStd",
					"-lTKTObj",
					"-lTKBinTObj",
					"-lTKXmlTObj",
					"-lTKVCAF",
					"-lTKXSBase",
					"-lTKSTEPBase",
					"-lTKSTEPAttr",
					"-lTKSTEP209",
					"-lTKSTEP",
					"-lTKIGES",
					"-lTKXCAF",
					"-lTKXDEIGES",
					"-lTKXDESTEP",
					"-lboost_system-mt",
					"-lboost_filesystem-mt",
				);
				SDKROOT = macosx;
			};
			name = Debug;
		};
		A2243E141E0B9C99002BE100 /* Release */ = {
			isa = XCBuildConfiguration;
			buildSettings = {
				ALWAYS_SEARCH_USER_PATHS = NO;
				CLANG_CXX_LANGUAGE_STANDARD = "c++14";
				CLANG_CXX_LIBRARY = "libc++";
				CLANG_ENABLE_MODULES = YES;
				CLANG_ENABLE_OBJC_ARC = YES;
				CLANG_WARN_BOOL_CONVERSION = YES;
				CLANG_WARN_CONSTANT_CONVERSION = YES;
				CLANG_WARN_DIRECT_OBJC_ISA_USAGE = YES_ERROR;
				CLANG_WARN_EMPTY_BODY = YES;
				CLANG_WARN_ENUM_CONVERSION = YES;
				CLANG_WARN_INT_CONVERSION = YES;
				CLANG_WARN_OBJC_ROOT_CLASS = YES_ERROR;
				CLANG_WARN_UNREACHABLE_CODE = YES;
				CLANG_WARN__DUPLICATE_METHOD_MATCH = YES;
				COPY_PHASE_STRIP = NO;
				DEBUG_INFORMATION_FORMAT = "dwarf-with-dsym";
				ENABLE_NS_ASSERTIONS = NO;
				ENABLE_STRICT_OBJC_MSGSEND = YES;
				GCC_C_LANGUAGE_STANDARD = gnu99;
				GCC_WARN_64_TO_32_BIT_CONVERSION = YES;
				GCC_WARN_ABOUT_RETURN_TYPE = YES_ERROR;
				GCC_WARN_UNDECLARED_SELECTOR = YES;
				GCC_WARN_UNINITIALIZED_AUTOS = YES_AGGRESSIVE;
				GCC_WARN_UNUSED_FUNCTION = YES;
				GCC_WARN_UNUSED_VARIABLE = YES;
				HEADER_SEARCH_PATHS = (
					"$(inherited)",
					/Applications/Xcode.app/Contents/Developer/Toolchains/XcodeDefault.xctoolchain/usr/include,
					/opt/local/include,
					/usr/local/include,
					/usr/local/include/opencascade,
				);
				LIBRARY_SEARCH_PATHS = (
					/usr/local/lib,
					/opt/local/lib,
				);
				MACOSX_DEPLOYMENT_TARGET = 10.9;
				MTL_ENABLE_DEBUG_INFO = NO;
				OTHER_LDFLAGS = (
					"-lTKernel",
					"-lTKMath",
					"-lTKG2d",
					"-lTKG3d",
					"-lTKGeomBase",
					"-lTKBRep",
					"-lTKGeomAlgo",
					"-lTKTopAlgo",
					"-lTKPrim",
					"-lTKBO",
					"-lTKShHealing",
					"-lTKBool",
					"-lTKHLR",
					"-lTKFillet",
					"-lTKOffset",
					"-lTKFeat",
					"-lTKMesh",
					"-lTKXMesh",
					"-lTKService",
					"-lTKV3d",
					"-lTKOpenGl",
					"-lTKMeshVS",
					"-lTKCDF",
					"-lTKLCAF",
					"-lTKCAF",
					"-lTKBinL",
					"-lTKXmlL",
					"-lTKBin",
					"-lTKXml",
					"-lTKStdL",
					"-lTKStd",
					"-lTKTObj",
					"-lTKBinTObj",
					"-lTKXmlTObj",
					"-lTKVCAF",
					"-lTKXSBase",
					"-lTKSTEPBase",
					"-lTKSTEPAttr",
					"-lTKSTEP209",
					"-lTKSTEP",
					"-lTKIGES",
					"-lTKXCAF",
					"-lTKXDEIGES",
					"-lTKXDESTEP",
					"-lboost_system-mt",
					"-lboost_filesystem-mt",
				);
				SDKROOT = macosx;
			};
			name = Release;
		};
		A2243E161E0B9C99002BE100 /* Debug */ = {
			isa = XCBuildConfiguration;
			buildSettings = {
				PRODUCT_NAME = "$(TARGET_NAME)";
			};
			name = Debug;
		};
		A2243E171E0B9C99002BE100 /* Release */ = {
			isa = XCBuildConfiguration;
			buildSettings = {
				PRODUCT_NAME = "$(TARGET_NAME)";
			};
			name = Release;
		};
/* End XCBuildConfiguration section */

/* Begin XCConfigurationList section */
		A2243E091E0B9C99002BE100 /* Build configuration list for PBXProject "opencascade_sample" */ = {
			isa = XCConfigurationList;
			buildConfigurations = (
				A2243E131E0B9C99002BE100 /* Debug */,
				A2243E141E0B9C99002BE100 /* Release */,
			);
			defaultConfigurationIsVisible = 0;
			defaultConfigurationName = Release;
		};
		A2243E151E0B9C99002BE100 /* Build configuration list for PBXNativeTarget "opencascade_sample" */ = {
			isa = XCConfigurationList;
			buildConfigurations = (
				A2243E161E0B9C99002BE100 /* Debug */,
				A2243E171E0B9C99002BE100 /* Release */,
			);
			defaultConfigurationIsVisible = 0;
			defaultConfigurationName = Release;
		};
/* End XCConfigurationList section */
	};
	rootObject = A2243E061E0B9C99002BE100 /* Project object */;
}
